
Microsoft Visual Studio Solution File, Format Version 12.00
# Visual Studio Version 16
VisualStudioVersion = 16.0.29709.97
MinimumVisualStudioVersion = 10.0.40219.1
Project("{FAE04EC0-301F-11D3-BF4B-00C04F79EFBC}") = "CarWorkshop.WPF", "CarWorkshop\CarWorkshop.WPF.csproj", "{420CF0C4-BB28-4582-9D89-3088B876C079}"
EndProject
Project("{FAE04EC0-301F-11D3-BF4B-00C04F79EFBC}") = "CarWorkshop.Core", "CarWorkshop.Core\CarWorkshop.Core.csproj", "{3205D026-0443-49AA-B331-F2DA85D447A8}"
EndProject
Project("{FAE04EC0-301F-11D3-BF4B-00C04F79EFBC}") = "CarWorkshop.Data", "CarWorkshop.Data\CarWorkshop.Data.csproj", "{497D5BA1-04E3-4471-9743-72C07A7D4592}"
EndProject
Global
	GlobalSection(SolutionConfigurationPlatforms) = preSolution
		Debug|Any CPU = Debug|Any CPU
		Release|Any CPU = Release|Any CPU
	EndGlobalSection
	GlobalSection(ProjectConfigurationPlatforms) = postSolution
		{420CF0C4-BB28-4582-9D89-3088B876C079}.Debug|Any CPU.ActiveCfg = Debug|Any CPU
		{420CF0C4-BB28-4582-9D89-3088B876C079}.Debug|Any CPU.Build.0 = Debug|Any CPU
		{420CF0C4-BB28-4582-9D89-3088B876C079}.Release|Any CPU.ActiveCfg = Release|Any CPU
		{420CF0C4-BB28-4582-9D89-3088B876C079}.Release|Any CPU.Build.0 = Release|Any CPU
		{3205D026-0443-49AA-B331-F2DA85D447A8}.Debug|Any CPU.ActiveCfg = Debug|Any CPU
		{3205D026-0443-49AA-B331-F2DA85D447A8}.Debug|Any CPU.Build.0 = Debug|Any CPU
		{3205D026-0443-49AA-B331-F2DA85D447A8}.Release|Any CPU.ActiveCfg = Release|Any CPU
		{3205D026-0443-49AA-B331-F2DA85D447A8}.Release|Any CPU.Build.0 = Release|Any CPU
		{497D5BA1-04E3-4471-9743-72C07A7D4592}.Debug|Any CPU.ActiveCfg = Debug|Any CPU
		{497D5BA1-04E3-4471-9743-72C07A7D4592}.Debug|Any CPU.Build.0 = Debug|Any CPU
		{497D5BA1-04E3-4471-9743-72C07A7D4592}.Release|Any CPU.ActiveCfg = Release|Any CPU
		{497D5BA1-04E3-4471-9743-72C07A7D4592}.Release|Any CPU.Build.0 = Release|Any CPU
	EndGlobalSection
	GlobalSection(SolutionProperties) = preSolution
		HideSolutionNode = FALSE
	EndGlobalSection
	GlobalSection(ExtensibilityGlobals) = postSolution
		SolutionGuid = {9FED7C67-CE43-4209-8DC5-1CF9E7AEF292}
	EndGlobalSection
EndGlobal
